
Microsoft Visual Studio Solution File, Format Version 12.00
# Visual Studio Version 17
VisualStudioVersion = 17.0.31903.59
MinimumVisualStudioVersion = 10.0.40219.1
Project("{2150E333-8FDC-42A3-9474-1A3956D46DE8}") = "src", "src", "{0CC7635B-AB65-4676-82F5-1462247EB236}"
EndProject
Project("{F2A71F9B-5D33-465A-A702-920D77279786}") = "RayTracer", "src\RayTracer\RayTracer.fsproj", "{D8EB78A9-D6E0-4CE5-BA85-B1514ABABB64}"
EndProject
Project("{2150E333-8FDC-42A3-9474-1A3956D46DE8}") = "tests", "tests", "{FF76A52F-995F-4356-A130-03C8927E4FCE}"
EndProject
Project("{F2A71F9B-5D33-465A-A702-920D77279786}") = "RayTracer.Tests", "tests\RayTracer.Tests\RayTracer.Tests.fsproj", "{BEB3C3DA-73E9-450E-BF16-6D5B6F62E785}"
EndProject
Global
	GlobalSection(SolutionConfigurationPlatforms) = preSolution
		Debug|Any CPU = Debug|Any CPU
		Release|Any CPU = Release|Any CPU
	EndGlobalSection
	GlobalSection(SolutionProperties) = preSolution
		HideSolutionNode = FALSE
	EndGlobalSection
	GlobalSection(ProjectConfigurationPlatforms) = postSolution
		{BEB3C3DA-73E9-450E-BF16-6D5B6F62E785}.Debug|Any CPU.ActiveCfg = Debug|Any CPU
		{BEB3C3DA-73E9-450E-BF16-6D5B6F62E785}.Debug|Any CPU.Build.0 = Debug|Any CPU
		{BEB3C3DA-73E9-450E-BF16-6D5B6F62E785}.Release|Any CPU.ActiveCfg = Release|Any CPU
		{BEB3C3DA-73E9-450E-BF16-6D5B6F62E785}.Release|Any CPU.Build.0 = Release|Any CPU
		{D8EB78A9-D6E0-4CE5-BA85-B1514ABABB64}.Debug|Any CPU.ActiveCfg = Debug|Any CPU
		{D8EB78A9-D6E0-4CE5-BA85-B1514ABABB64}.Debug|Any CPU.Build.0 = Debug|Any CPU
		{D8EB78A9-D6E0-4CE5-BA85-B1514ABABB64}.Release|Any CPU.ActiveCfg = Release|Any CPU
		{D8EB78A9-D6E0-4CE5-BA85-B1514ABABB64}.Release|Any CPU.Build.0 = Release|Any CPU
	EndGlobalSection
	GlobalSection(NestedProjects) = preSolution
		{BEB3C3DA-73E9-450E-BF16-6D5B6F62E785} = {FF76A52F-995F-4356-A130-03C8927E4FCE}
		{D8EB78A9-D6E0-4CE5-BA85-B1514ABABB64} = {0CC7635B-AB65-4676-82F5-1462247EB236}
	EndGlobalSection
EndGlobal
